{
    "_meta": {
        "hash": {
            "sha256": "7282cf528450e4a70108e1297ab543e1fa532dccfe417cc0b86dc762784c5415"
        },
        "pipfile-spec": 6,
        "requires": {
            "python_version": "3.9"
        },
        "sources": [
            {
                "name": "pypi",
                "url": "https://pypi.org/simple",
                "verify_ssl": true
            }
        ]
    },
    "default": {
        "asgiref": {
            "hashes": [
                "sha256:1d2880b792ae8757289136f1db2b7b99100ce959b2aa57fd69dab783d05afac4",
                "sha256:4a29362a6acebe09bf1d6640db38c1dc3d9217c68e6f9f6204d72667fc19a424"
            ],
            "markers": "python_version >= '3.7'",
            "version": "==3.5.2"
        },
        "django": {
            "hashes": [
                "sha256:678bbfc8604eb246ed54e2063f0765f13b321a50526bdc8cb1f943eda7fa31f1",
                "sha256:6b1de6886cae14c7c44d188f580f8ba8da05750f544c80ae5ad43375ab293cd5"
            ],
            "markers": "python_version >= '3.8'",
            "version": "==4.1.3"
        },
        "django-phonenumber-field": {
            "extras": [
                "phonenumbers"
            ],
            "hashes": [
                "sha256:dab78094e83f4b1276effca9903e6728e940d055b00cc8589ad5b8a22cb6a03b",
                "sha256:f1aaee276b18a8f0bf503d52eda183965ca164a6379c1e70f73718bcc8a91345"
            ],
            "index": "pypi",
            "version": "==7.0.0"
        },
        "django-widget-tweaks": {
            "hashes": [
                "sha256:9bfc5c705684754a83cc81da328b39ad1b80f32bd0f4340e2a810cbab4b0c00e",
                "sha256:fe6b17d5d595c63331f300917980db2afcf71f240ab9341b954aea8f45d25b9a"
            ],
            "index": "pypi",
            "version": "==1.4.12"
        },
        "django-widgets-improved": {
            "hashes": [
                "sha256:7c9e8e931e251e3308b1eddc1b8e8e7312f3bef47e01924835f7ee6ca4c15da1",
                "sha256:db66019bfe5bb40e552db2109dab3854c65f1bf7759eef12b2eb574014f9539f"
            ],
            "index": "pypi",
            "version": "==1.5.0"
        },
        "phonenumbers": {
            "hashes": [
                "sha256:93745d7afd38e246660bb601b07deac54eeb76c8e5e43f5e83333b0383a0a1e4",
                "sha256:dbaea9e4005a976bcf18fbe2bb87cb9cd0a3f119136f04188ac412d7741cebf0"
            ],
            "version": "==8.13.0"
        },
        "sqlparse": {
            "hashes": [
                "sha256:0323c0ec29cd52bceabc1b4d9d579e311f3e4961b98d174201d5622a23b85e34",
                "sha256:69ca804846bb114d2ec380e4360a8a340db83f0ccf3afceeb1404df028f57268"
            ],
            "markers": "python_version >= '3.5'",
            "version": "==0.4.3"
        },
        "tzdata": {
            "hashes": [
                "sha256:04a680bdc5b15750c39c12a448885a51134a27ec9af83667663f0b3a1bf3f342",
                "sha256:91f11db4503385928c15598c98573e3af07e7229181bee5375bd30f1695ddcae"
            ],
            "markers": "sys_platform == 'win32'",
            "version": "==2022.6"
        }
    },
    "develop": {}
}
